// !$*UTF8*$!
{
	archiveVersion = 1;
	classes = {
	};
	objectVersion = 56;
	objects = {

/* Begin PBXBuildFile section */
		083C05A52AA0753E00516FA2 /* AddMemoViewController.swift in Sources */ = {isa = PBXBuildFile; fileRef = 083C05A42AA0753E00516FA2 /* AddMemoViewController.swift */; };
		083C05A92AA086CE00516FA2 /* TagCollectionViewCell.swift in Sources */ = {isa = PBXBuildFile; fileRef = 083C05A82AA086CE00516FA2 /* TagCollectionViewCell.swift */; };
		083C05AC2AA0DB8300516FA2 /* DetailViewController.swift in Sources */ = {isa = PBXBuildFile; fileRef = 083C05AB2AA0DB8300516FA2 /* DetailViewController.swift */; };
		088C0D242A9F28CB00450701 /* AppDelegate.swift in Sources */ = {isa = PBXBuildFile; fileRef = 088C0D232A9F28CB00450701 /* AppDelegate.swift */; };
		088C0D262A9F28CB00450701 /* SceneDelegate.swift in Sources */ = {isa = PBXBuildFile; fileRef = 088C0D252A9F28CB00450701 /* SceneDelegate.swift */; };
		088C0D282A9F28CB00450701 /* CalendarViewController.swift in Sources */ = {isa = PBXBuildFile; fileRef = 088C0D272A9F28CB00450701 /* CalendarViewController.swift */; };
		088C0D2D2A9F28CC00450701 /* Assets.xcassets in Resources */ = {isa = PBXBuildFile; fileRef = 088C0D2C2A9F28CC00450701 /* Assets.xcassets */; };
		088C0D302A9F28CC00450701 /* LaunchScreen.storyboard in Resources */ = {isa = PBXBuildFile; fileRef = 088C0D2E2A9F28CC00450701 /* LaunchScreen.storyboard */; };
		088C0D382A9F29ED00450701 /* TabBarController.swift in Sources */ = {isa = PBXBuildFile; fileRef = 088C0D372A9F29ED00450701 /* TabBarController.swift */; };
		088C0D3B2A9F2BF200450701 /* SnapKit in Frameworks */ = {isa = PBXBuildFile; productRef = 088C0D3A2A9F2BF200450701 /* SnapKit */; };
		088C0D3D2A9F62B500450701 /* ListViewController.swift in Sources */ = {isa = PBXBuildFile; fileRef = 088C0D3C2A9F62B500450701 /* ListViewController.swift */; };
		08D404EC2A9F7C2B0059A6B3 /* Extension.swift in Sources */ = {isa = PBXBuildFile; fileRef = 08D404EB2A9F7C2B0059A6B3 /* Extension.swift */; };
		08D404EE2A9F866A0059A6B3 /* CalendarViewCell.swift in Sources */ = {isa = PBXBuildFile; fileRef = 08D404ED2A9F866A0059A6B3 /* CalendarViewCell.swift */; };
		08D404F02A9FA1200059A6B3 /* Models.swift in Sources */ = {isa = PBXBuildFile; fileRef = 08D404EF2A9FA1200059A6B3 /* Models.swift */; };
		08D404F22A9FA5410059A6B3 /* DataManager.swift in Sources */ = {isa = PBXBuildFile; fileRef = 08D404F12A9FA5410059A6B3 /* DataManager.swift */; };
/* End PBXBuildFile section */

/* Begin PBXFileReference section */
		083C05A42AA0753E00516FA2 /* AddMemoViewController.swift */ = {isa = PBXFileReference; lastKnownFileType = sourcecode.swift; path = AddMemoViewController.swift; sourceTree = "<group>"; };
		083C05A82AA086CE00516FA2 /* TagCollectionViewCell.swift */ = {isa = PBXFileReference; lastKnownFileType = sourcecode.swift; path = TagCollectionViewCell.swift; sourceTree = "<group>"; };
		083C05AB2AA0DB8300516FA2 /* DetailViewController.swift */ = {isa = PBXFileReference; lastKnownFileType = sourcecode.swift; path = DetailViewController.swift; sourceTree = "<group>"; };
		088C0D202A9F28CB00450701 /* myDiaryApp.app */ = {isa = PBXFileReference; explicitFileType = wrapper.application; includeInIndex = 0; path = myDiaryApp.app; sourceTree = BUILT_PRODUCTS_DIR; };
		088C0D232A9F28CB00450701 /* AppDelegate.swift */ = {isa = PBXFileReference; lastKnownFileType = sourcecode.swift; path = AppDelegate.swift; sourceTree = "<group>"; };
		088C0D252A9F28CB00450701 /* SceneDelegate.swift */ = {isa = PBXFileReference; lastKnownFileType = sourcecode.swift; path = SceneDelegate.swift; sourceTree = "<group>"; };
		088C0D272A9F28CB00450701 /* CalendarViewController.swift */ = {isa = PBXFileReference; lastKnownFileType = sourcecode.swift; path = CalendarViewController.swift; sourceTree = "<group>"; };
		088C0D2C2A9F28CC00450701 /* Assets.xcassets */ = {isa = PBXFileReference; lastKnownFileType = folder.assetcatalog; path = Assets.xcassets; sourceTree = "<group>"; };
		088C0D2F2A9F28CC00450701 /* Base */ = {isa = PBXFileReference; lastKnownFileType = file.storyboard; name = Base; path = Base.lproj/LaunchScreen.storyboard; sourceTree = "<group>"; };
		088C0D312A9F28CC00450701 /* Info.plist */ = {isa = PBXFileReference; lastKnownFileType = text.plist.xml; path = Info.plist; sourceTree = "<group>"; };
		088C0D372A9F29ED00450701 /* TabBarController.swift */ = {isa = PBXFileReference; lastKnownFileType = sourcecode.swift; path = TabBarController.swift; sourceTree = "<group>"; };
		088C0D3C2A9F62B500450701 /* ListViewController.swift */ = {isa = PBXFileReference; lastKnownFileType = sourcecode.swift; path = ListViewController.swift; sourceTree = "<group>"; };
		08D404EB2A9F7C2B0059A6B3 /* Extension.swift */ = {isa = PBXFileReference; lastKnownFileType = sourcecode.swift; path = Extension.swift; sourceTree = "<group>"; };
		08D404ED2A9F866A0059A6B3 /* CalendarViewCell.swift */ = {isa = PBXFileReference; lastKnownFileType = sourcecode.swift; path = CalendarViewCell.swift; sourceTree = "<group>"; };
		08D404EF2A9FA1200059A6B3 /* Models.swift */ = {isa = PBXFileReference; lastKnownFileType = sourcecode.swift; path = Models.swift; sourceTree = "<group>"; };
		08D404F12A9FA5410059A6B3 /* DataManager.swift */ = {isa = PBXFileReference; lastKnownFileType = sourcecode.swift; path = DataManager.swift; sourceTree = "<group>"; };
/* End PBXFileReference section */

/* Begin PBXFrameworksBuildPhase section */
		088C0D1D2A9F28CB00450701 /* Frameworks */ = {
			isa = PBXFrameworksBuildPhase;
			buildActionMask = 2147483647;
			files = (
				088C0D3B2A9F2BF200450701 /* SnapKit in Frameworks */,
			);
			runOnlyForDeploymentPostprocessing = 0;
		};
/* End PBXFrameworksBuildPhase section */

/* Begin PBXGroup section */
		083C05A12AA02C8900516FA2 /* Controllers */ = {
			isa = PBXGroup;
			children = (
				088C0D272A9F28CB00450701 /* CalendarViewController.swift */,
				083C05A42AA0753E00516FA2 /* AddMemoViewController.swift */,
				088C0D372A9F29ED00450701 /* TabBarController.swift */,
				088C0D3C2A9F62B500450701 /* ListViewController.swift */,
				083C05AB2AA0DB8300516FA2 /* DetailViewController.swift */,
			);
			path = Controllers;
			sourceTree = "<group>";
		};
		083C05A22AA02CA000516FA2 /* Views */ = {
			isa = PBXGroup;
			children = (
				08D404ED2A9F866A0059A6B3 /* CalendarViewCell.swift */,
				083C05A82AA086CE00516FA2 /* TagCollectionViewCell.swift */,
			);
			path = Views;
			sourceTree = "<group>";
		};
		083C05A32AA02CB100516FA2 /* Models */ = {
			isa = PBXGroup;
			children = (
				08D404EF2A9FA1200059A6B3 /* Models.swift */,
			);
			path = Models;
			sourceTree = "<group>";
		};
		083C05AA2AA0A0EA00516FA2 /* Managers */ = {
			isa = PBXGroup;
			children = (
				08D404F12A9FA5410059A6B3 /* DataManager.swift */,
			);
			path = Managers;
			sourceTree = "<group>";
		};
		088C0D172A9F28CB00450701 = {
			isa = PBXGroup;
			children = (
				088C0D222A9F28CB00450701 /* myDiaryApp */,
				088C0D212A9F28CB00450701 /* Products */,
			);
			sourceTree = "<group>";
		};
		088C0D212A9F28CB00450701 /* Products */ = {
			isa = PBXGroup;
			children = (
				088C0D202A9F28CB00450701 /* myDiaryApp.app */,
			);
			name = Products;
			sourceTree = "<group>";
		};
		088C0D222A9F28CB00450701 /* myDiaryApp */ = {
			isa = PBXGroup;
			children = (
				088C0D232A9F28CB00450701 /* AppDelegate.swift */,
				088C0D252A9F28CB00450701 /* SceneDelegate.swift */,
				08D404EB2A9F7C2B0059A6B3 /* Extension.swift */,
				083C05AA2AA0A0EA00516FA2 /* Managers */,
				083C05A22AA02CA000516FA2 /* Views */,
				083C05A12AA02C8900516FA2 /* Controllers */,
				083C05A32AA02CB100516FA2 /* Models */,
				088C0D2C2A9F28CC00450701 /* Assets.xcassets */,
				088C0D2E2A9F28CC00450701 /* LaunchScreen.storyboard */,
				088C0D312A9F28CC00450701 /* Info.plist */,
			);
			path = myDiaryApp;
			sourceTree = "<group>";
		};
/* End PBXGroup section */

/* Begin PBXNativeTarget section */
		088C0D1F2A9F28CB00450701 /* myDiaryApp */ = {
			isa = PBXNativeTarget;
			buildConfigurationList = 088C0D342A9F28CC00450701 /* Build configuration list for PBXNativeTarget "myDiaryApp" */;
			buildPhases = (
				088C0D1C2A9F28CB00450701 /* Sources */,
				088C0D1D2A9F28CB00450701 /* Frameworks */,
				088C0D1E2A9F28CB00450701 /* Resources */,
			);
			buildRules = (
			);
			dependencies = (
			);
			name = myDiaryApp;
			packageProductDependencies = (
				088C0D3A2A9F2BF200450701 /* SnapKit */,
			);
			productName = myDiaryApp;
			productReference = 088C0D202A9F28CB00450701 /* myDiaryApp.app */;
			productType = "com.apple.product-type.application";
		};
/* End PBXNativeTarget section */

/* Begin PBXProject section */
		088C0D182A9F28CB00450701 /* Project object */ = {
			isa = PBXProject;
			attributes = {
				BuildIndependentTargetsInParallel = 1;
				LastSwiftUpdateCheck = 1430;
				LastUpgradeCheck = 1430;
				TargetAttributes = {
					088C0D1F2A9F28CB00450701 = {
						CreatedOnToolsVersion = 14.3.1;
					};
				};
			};
			buildConfigurationList = 088C0D1B2A9F28CB00450701 /* Build configuration list for PBXProject "myDiaryApp" */;
			compatibilityVersion = "Xcode 14.0";
			developmentRegion = en;
			hasScannedForEncodings = 0;
			knownRegions = (
				en,
				Base,
			);
			mainGroup = 088C0D172A9F28CB00450701;
			packageReferences = (
				088C0D392A9F2BF200450701 /* XCRemoteSwiftPackageReference "SnapKit" */,
			);
			productRefGroup = 088C0D212A9F28CB00450701 /* Products */;
			projectDirPath = "";
			projectRoot = "";
			targets = (
				088C0D1F2A9F28CB00450701 /* myDiaryApp */,
			);
		};
/* End PBXProject section */

/* Begin PBXResourcesBuildPhase section */
		088C0D1E2A9F28CB00450701 /* Resources */ = {
			isa = PBXResourcesBuildPhase;
			buildActionMask = 2147483647;
			files = (
				088C0D302A9F28CC00450701 /* LaunchScreen.storyboard in Resources */,
				088C0D2D2A9F28CC00450701 /* Assets.xcassets in Resources */,
			);
			runOnlyForDeploymentPostprocessing = 0;
		};
/* End PBXResourcesBuildPhase section */

/* Begin PBXSourcesBuildPhase section */
		088C0D1C2A9F28CB00450701 /* Sources */ = {
			isa = PBXSourcesBuildPhase;
			buildActionMask = 2147483647;
			files = (
				088C0D282A9F28CB00450701 /* CalendarViewController.swift in Sources */,
				088C0D382A9F29ED00450701 /* TabBarController.swift in Sources */,
				088C0D242A9F28CB00450701 /* AppDelegate.swift in Sources */,
				083C05AC2AA0DB8300516FA2 /* DetailViewController.swift in Sources */,
				08D404F02A9FA1200059A6B3 /* Models.swift in Sources */,
				08D404EC2A9F7C2B0059A6B3 /* Extension.swift in Sources */,
				08D404EE2A9F866A0059A6B3 /* CalendarViewCell.swift in Sources */,
				083C05A52AA0753E00516FA2 /* AddMemoViewController.swift in Sources */,
				088C0D3D2A9F62B500450701 /* ListViewController.swift in Sources */,
				083C05A92AA086CE00516FA2 /* TagCollectionViewCell.swift in Sources */,
				08D404F22A9FA5410059A6B3 /* DataManager.swift in Sources */,
				088C0D262A9F28CB00450701 /* SceneDelegate.swift in Sources */,
			);
			runOnlyForDeploymentPostprocessing = 0;
		};
/* End PBXSourcesBuildPhase section */

/* Begin PBXVariantGroup section */
		088C0D2E2A9F28CC00450701 /* LaunchScreen.storyboard */ = {
			isa = PBXVariantGroup;
			children = (
				088C0D2F2A9F28CC00450701 /* Base */,
			);
			name = LaunchScreen.storyboard;
			sourceTree = "<group>";
		};
/* End PBXVariantGroup section */

/* Begin XCBuildConfiguration section */
		088C0D322A9F28CC00450701 /* Debug */ = {
			isa = XCBuildConfiguration;
			buildSettings = {
				ALWAYS_SEARCH_USER_PATHS = NO;
				CLANG_ANALYZER_NONNULL = YES;
				CLANG_ANALYZER_NUMBER_OBJECT_CONVERSION = YES_AGGRESSIVE;
				CLANG_CXX_LANGUAGE_STANDARD = "gnu++20";
				CLANG_ENABLE_MODULES = YES;
				CLANG_ENABLE_OBJC_ARC = YES;
				CLANG_ENABLE_OBJC_WEAK = YES;
				CLANG_WARN_BLOCK_CAPTURE_AUTORELEASING = YES;
				CLANG_WARN_BOOL_CONVERSION = YES;
				CLANG_WARN_COMMA = YES;
				CLANG_WARN_CONSTANT_CONVERSION = YES;
				CLANG_WARN_DEPRECATED_OBJC_IMPLEMENTATIONS = YES;
				CLANG_WARN_DIRECT_OBJC_ISA_USAGE = YES_ERROR;
				CLANG_WARN_DOCUMENTATION_COMMENTS = YES;
				CLANG_WARN_EMPTY_BODY = YES;
				CLANG_WARN_ENUM_CONVERSION = YES;
				CLANG_WARN_INFINITE_RECURSION = YES;
				CLANG_WARN_INT_CONVERSION = YES;
				CLANG_WARN_NON_LITERAL_NULL_CONVERSION = YES;
				CLANG_WARN_OBJC_IMPLICIT_RETAIN_SELF = YES;
				CLANG_WARN_OBJC_LITERAL_CONVERSION = YES;
				CLANG_WARN_OBJC_ROOT_CLASS = YES_ERROR;
				CLANG_WARN_QUOTED_INCLUDE_IN_FRAMEWORK_HEADER = YES;
				CLANG_WARN_RANGE_LOOP_ANALYSIS = YES;
				CLANG_WARN_STRICT_PROTOTYPES = YES;
				CLANG_WARN_SUSPICIOUS_MOVE = YES;
				CLANG_WARN_UNGUARDED_AVAILABILITY = YES_AGGRESSIVE;
				CLANG_WARN_UNREACHABLE_CODE = YES;
				CLANG_WARN__DUPLICATE_METHOD_MATCH = YES;
				COPY_PHASE_STRIP = NO;
				DEBUG_INFORMATION_FORMAT = dwarf;
				ENABLE_STRICT_OBJC_MSGSEND = YES;
				ENABLE_TESTABILITY = YES;
				GCC_C_LANGUAGE_STANDARD = gnu11;
				GCC_DYNAMIC_NO_PIC = NO;
				GCC_NO_COMMON_BLOCKS = YES;
				GCC_OPTIMIZATION_LEVEL = 0;
				GCC_PREPROCESSOR_DEFINITIONS = (
					"DEBUG=1",
					"$(inherited)",
				);
				GCC_WARN_64_TO_32_BIT_CONVERSION = YES;
				GCC_WARN_ABOUT_RETURN_TYPE = YES_ERROR;
				GCC_WARN_UNDECLARED_SELECTOR = YES;
				GCC_WARN_UNINITIALIZED_AUTOS = YES_AGGRESSIVE;
				GCC_WARN_UNUSED_FUNCTION = YES;
				GCC_WARN_UNUSED_VARIABLE = YES;
				IPHONEOS_DEPLOYMENT_TARGET = 16.4;
				MTL_ENABLE_DEBUG_INFO = INCLUDE_SOURCE;
				MTL_FAST_MATH = YES;
				ONLY_ACTIVE_ARCH = YES;
				SDKROOT = iphoneos;
				SWIFT_ACTIVE_COMPILATION_CONDITIONS = DEBUG;
				SWIFT_OPTIMIZATION_LEVEL = "-Onone";
			};
			name = Debug;
		};
		088C0D332A9F28CC00450701 /* Release */ = {
			isa = XCBuildConfiguration;
			buildSettings = {
				ALWAYS_SEARCH_USER_PATHS = NO;
				CLANG_ANALYZER_NONNULL = YES;
				CLANG_ANALYZER_NUMBER_OBJECT_CONVERSION = YES_AGGRESSIVE;
				CLANG_CXX_LANGUAGE_STANDARD = "gnu++20";
				CLANG_ENABLE_MODULES = YES;
				CLANG_ENABLE_OBJC_ARC = YES;
				CLANG_ENABLE_OBJC_WEAK = YES;
				CLANG_WARN_BLOCK_CAPTURE_AUTORELEASING = YES;
				CLANG_WARN_BOOL_CONVERSION = YES;
				CLANG_WARN_COMMA = YES;
				CLANG_WARN_CONSTANT_CONVERSION = YES;
				CLANG_WARN_DEPRECATED_OBJC_IMPLEMENTATIONS = YES;
				CLANG_WARN_DIRECT_OBJC_ISA_USAGE = YES_ERROR;
				CLANG_WARN_DOCUMENTATION_COMMENTS = YES;
				CLANG_WARN_EMPTY_BODY = YES;
				CLANG_WARN_ENUM_CONVERSION = YES;
				CLANG_WARN_INFINITE_RECURSION = YES;
				CLANG_WARN_INT_CONVERSION = YES;
				CLANG_WARN_NON_LITERAL_NULL_CONVERSION = YES;
				CLANG_WARN_OBJC_IMPLICIT_RETAIN_SELF = YES;
				CLANG_WARN_OBJC_LITERAL_CONVERSION = YES;
				CLANG_WARN_OBJC_ROOT_CLASS = YES_ERROR;
				CLANG_WARN_QUOTED_INCLUDE_IN_FRAMEWORK_HEADER = YES;
				CLANG_WARN_RANGE_LOOP_ANALYSIS = YES;
				CLANG_WARN_STRICT_PROTOTYPES = YES;
				CLANG_WARN_SUSPICIOUS_MOVE = YES;
				CLANG_WARN_UNGUARDED_AVAILABILITY = YES_AGGRESSIVE;
				CLANG_WARN_UNREACHABLE_CODE = YES;
				CLANG_WARN__DUPLICATE_METHOD_MATCH = YES;
				COPY_PHASE_STRIP = NO;
				DEBUG_INFORMATION_FORMAT = "dwarf-with-dsym";
				ENABLE_NS_ASSERTIONS = NO;
				ENABLE_STRICT_OBJC_MSGSEND = YES;
				GCC_C_LANGUAGE_STANDARD = gnu11;
				GCC_NO_COMMON_BLOCKS = YES;
				GCC_WARN_64_TO_32_BIT_CONVERSION = YES;
				GCC_WARN_ABOUT_RETURN_TYPE = YES_ERROR;
				GCC_WARN_UNDECLARED_SELECTOR = YES;
				GCC_WARN_UNINITIALIZED_AUTOS = YES_AGGRESSIVE;
				GCC_WARN_UNUSED_FUNCTION = YES;
				GCC_WARN_UNUSED_VARIABLE = YES;
				IPHONEOS_DEPLOYMENT_TARGET = 16.4;
				MTL_ENABLE_DEBUG_INFO = NO;
				MTL_FAST_MATH = YES;
				SDKROOT = iphoneos;
				SWIFT_COMPILATION_MODE = wholemodule;
				SWIFT_OPTIMIZATION_LEVEL = "-O";
				VALIDATE_PRODUCT = YES;
			};
			name = Release;
		};
		088C0D352A9F28CC00450701 /* Debug */ = {
			isa = XCBuildConfiguration;
			buildSettings = {
				ASSETCATALOG_COMPILER_APPICON_NAME = AppIcon;
				ASSETCATALOG_COMPILER_GLOBAL_ACCENT_COLOR_NAME = AccentColor;
				CODE_SIGN_STYLE = Automatic;
				CURRENT_PROJECT_VERSION = 1;
				DEVELOPMENT_TEAM = UHWU5PQ7ZJ;
				GENERATE_INFOPLIST_FILE = YES;
				INFOPLIST_FILE = myDiaryApp/Info.plist;
				INFOPLIST_KEY_UIApplicationSupportsIndirectInputEvents = YES;
				INFOPLIST_KEY_UILaunchStoryboardName = LaunchScreen;
				INFOPLIST_KEY_UISupportedInterfaceOrientations_iPad = "UIInterfaceOrientationPortrait UIInterfaceOrientationPortraitUpsideDown UIInterfaceOrientationLandscapeLeft UIInterfaceOrientationLandscapeRight";
				INFOPLIST_KEY_UISupportedInterfaceOrientations_iPhone = "UIInterfaceOrientationPortrait UIInterfaceOrientationLandscapeLeft UIInterfaceOrientationLandscapeRight";
				LD_RUNPATH_SEARCH_PATHS = (
					"$(inherited)",
					"@executable_path/Frameworks",
				);
				MARKETING_VERSION = 1.0;
				PRODUCT_BUNDLE_IDENTIFIER = com.donggle.myDiaryApp;
				PRODUCT_NAME = "$(TARGET_NAME)";
				SWIFT_EMIT_LOC_STRINGS = YES;
				SWIFT_VERSION = 5.0;
				TARGETED_DEVICE_FAMILY = "1,2";
			};
			name = Debug;
		};
		088C0D362A9F28CC00450701 /* Release */ = {
			isa = XCBuildConfiguration;
			buildSettings = {
				ASSETCATALOG_COMPILER_APPICON_NAME = AppIcon;
				ASSETCATALOG_COMPILER_GLOBAL_ACCENT_COLOR_NAME = AccentColor;
				CODE_SIGN_STYLE = Automatic;
				CURRENT_PROJECT_VERSION = 1;
				DEVELOPMENT_TEAM = UHWU5PQ7ZJ;
				GENERATE_INFOPLIST_FILE = YES;
				INFOPLIST_FILE = myDiaryApp/Info.plist;
				INFOPLIST_KEY_UIApplicationSupportsIndirectInputEvents = YES;
				INFOPLIST_KEY_UILaunchStoryboardName = LaunchScreen;
				INFOPLIST_KEY_UISupportedInterfaceOrientations_iPad = "UIInterfaceOrientationPortrait UIInterfaceOrientationPortraitUpsideDown UIInterfaceOrientationLandscapeLeft UIInterfaceOrientationLandscapeRight";
				INFOPLIST_KEY_UISupportedInterfaceOrientations_iPhone = "UIInterfaceOrientationPortrait UIInterfaceOrientationLandscapeLeft UIInterfaceOrientationLandscapeRight";
				LD_RUNPATH_SEARCH_PATHS = (
					"$(inherited)",
					"@executable_path/Frameworks",
				);
				MARKETING_VERSION = 1.0;
				PRODUCT_BUNDLE_IDENTIFIER = com.donggle.myDiaryApp;
				PRODUCT_NAME = "$(TARGET_NAME)";
				SWIFT_EMIT_LOC_STRINGS = YES;
				SWIFT_VERSION = 5.0;
				TARGETED_DEVICE_FAMILY = "1,2";
			};
			name = Release;
		};
/* End XCBuildConfiguration section */

/* Begin XCConfigurationList section */
		088C0D1B2A9F28CB00450701 /* Build configuration list for PBXProject "myDiaryApp" */ = {
			isa = XCConfigurationList;
			buildConfigurations = (
				088C0D322A9F28CC00450701 /* Debug */,
				088C0D332A9F28CC00450701 /* Release */,
			);
			defaultConfigurationIsVisible = 0;
			defaultConfigurationName = Release;
		};
		088C0D342A9F28CC00450701 /* Build configuration list for PBXNativeTarget "myDiaryApp" */ = {
			isa = XCConfigurationList;
			buildConfigurations = (
				088C0D352A9F28CC00450701 /* Debug */,
				088C0D362A9F28CC00450701 /* Release */,
			);
			defaultConfigurationIsVisible = 0;
			defaultConfigurationName = Release;
		};
/* End XCConfigurationList section */

/* Begin XCRemoteSwiftPackageReference section */
		088C0D392A9F2BF200450701 /* XCRemoteSwiftPackageReference "SnapKit" */ = {
			isa = XCRemoteSwiftPackageReference;
			repositoryURL = "https://github.com/SnapKit/SnapKit.git";
			requirement = {
				kind = upToNextMajorVersion;
				minimumVersion = 5.0.0;
			};
		};
/* End XCRemoteSwiftPackageReference section */

/* Begin XCSwiftPackageProductDependency section */
		088C0D3A2A9F2BF200450701 /* SnapKit */ = {
			isa = XCSwiftPackageProductDependency;
			package = 088C0D392A9F2BF200450701 /* XCRemoteSwiftPackageReference "SnapKit" */;
			productName = SnapKit;
		};
/* End XCSwiftPackageProductDependency section */
	};
	rootObject = 088C0D182A9F28CB00450701 /* Project object */;
}
